
Microsoft Visual Studio Solution File, Format Version 12.00
# Visual Studio Version 17
VisualStudioVersion = 17.1.32120.378
MinimumVisualStudioVersion = 10.0.40219.1
Project("{FAE04EC0-301F-11D3-BF4B-00C04F79EFBC}") = "FlightManager", "FlightManager\FlightManager.csproj", "{04E65491-DE64-4636-98DE-1FF567023C12}"
EndProject
Global
	GlobalSection(SolutionConfigurationPlatforms) = preSolution
		Debug|Any CPU = Debug|Any CPU
		Release|Any CPU = Release|Any CPU
	EndGlobalSection
	GlobalSection(ProjectConfigurationPlatforms) = postSolution
		{04E65491-DE64-4636-98DE-1FF567023C12}.Debug|Any CPU.ActiveCfg = Debug|Any CPU
		{04E65491-DE64-4636-98DE-1FF567023C12}.Debug|Any CPU.Build.0 = Debug|Any CPU
		{04E65491-DE64-4636-98DE-1FF567023C12}.Release|Any CPU.ActiveCfg = Release|Any CPU
		{04E65491-DE64-4636-98DE-1FF567023C12}.Release|Any CPU.Build.0 = Release|Any CPU
	EndGlobalSection
	GlobalSection(SolutionProperties) = preSolution
		HideSolutionNode = FALSE
	EndGlobalSection
	GlobalSection(ExtensibilityGlobals) = postSolution
		SolutionGuid = {2C61F9D0-D93D-4D52-8B13-90DA05DCD97C}
	EndGlobalSection
EndGlobal
